{
  "name": "assets",
  "lockfileVersion": 3,
  "requires": true,
  "packages": {
    "": {
      "dependencies": {
        "flatpickr": "^4.6.13",
        "libphonenumber-js": "^1.10.49"
      }
    },
    "node_modules/flatpickr": {
      "version": "4.6.13",
      "resolved": "https://registry.npmjs.org/flatpickr/-/flatpickr-4.6.13.tgz",
      "integrity": "sha512-97PMG/aywoYpB4IvbvUJi0RQi8vearvU0oov1WW3k0WZPBMrTQVqekSX5CjSG/M4Q3i6A/0FKXC7RyAoAUUSPw=="
    },
    "node_modules/libphonenumber-js": {
      "version": "1.10.49",
      "resolved": "https://registry.npmjs.org/libphonenumber-js/-/libphonenumber-js-1.10.49.tgz",
      "integrity": "sha512-gvLtyC3tIuqfPzjvYLH9BmVdqzGDiSi4VjtWe2fAgSdBf0yt8yPmbNnRIHNbR5IdtVkm0ayGuzwQKTWmU0hdjQ=="
    }
  }
}
